
Microsoft Visual Studio Solution File, Format Version 12.00
# Visual Studio 14
VisualStudioVersion = 14.0.25123.0
MinimumVisualStudioVersion = 10.0.40219.1
Project("{FAE04EC0-301F-11D3-BF4B-00C04F79EFBC}") = "Nyx.Web", "Nyx.Web\Nyx.Web.csproj", "{DCEE90AD-31DD-4453-9027-F5586D20B517}"
EndProject
Project("{FAE04EC0-301F-11D3-BF4B-00C04F79EFBC}") = "Nyx.Web.Tests", "Nyx.Web.Tests\Nyx.Web.Tests.csproj", "{A61BB529-9E77-458A-BEE8-447E1ADE1E98}"
EndProject
Project("{FAE04EC0-301F-11D3-BF4B-00C04F79EFBC}") = "Nyx.DbUp", "Nyx.DbUp\Nyx.DbUp.csproj", "{5EA73B42-7585-47B5-A6F3-D83DCFC960B3}"
	ProjectSection(ProjectDependencies) = postProject
		{6B8916BB-94DF-45D9-8CC4-922FEB68A3A4} = {6B8916BB-94DF-45D9-8CC4-922FEB68A3A4}
	EndProjectSection
EndProject
Project("{FAE04EC0-301F-11D3-BF4B-00C04F79EFBC}") = "Nyx.ClientTools", "Nyx.ClientTools\Nyx.ClientTools.csproj", "{0709EA89-AECE-4C87-BB69-8A1736406AB5}"
EndProject
Project("{FAE04EC0-301F-11D3-BF4B-00C04F79EFBC}") = "Nyx.Web.UiTests", "Nyx.Web.UiTests\Nyx.Web.UiTests.csproj", "{36C21D5D-73A7-48AC-865F-ED142E4CC4D6}"
EndProject
Project("{FAE04EC0-301F-11D3-BF4B-00C04F79EFBC}") = "Nyx.Environments", "Nyx.Environments\Nyx.Environments.csproj", "{94B5FE60-8E45-4129-907F-800C2F28F839}"
EndProject
Project("{930C7802-8A8C-48F9-8165-68863BCCD9DD}") = "Nyx.ClientTools.Setup", "Nyx.ClientTools.Setup\Nyx.ClientTools.Setup.wixproj", "{7A06547C-80FB-4704-A85F-AA543F034375}"
EndProject
Project("{FAE04EC0-301F-11D3-BF4B-00C04F79EFBC}") = "Nyx.Doc", "Nyx.Doc\Nyx.Doc.csproj", "{B6054DDF-97B1-449E-9266-FC63C1204E26}"
EndProject
Project("{00D1A9C2-B5F0-4AF3-8072-F6C62B433612}") = "Nyx.DbProject", "Nyx.DbProject\Nyx.DbProject.sqlproj", "{6B8916BB-94DF-45D9-8CC4-922FEB68A3A4}"
EndProject
Project("{FAE04EC0-301F-11D3-BF4B-00C04F79EFBC}") = "Nyx.Foundation", "Nyx.Foundation\Nyx.Foundation.csproj", "{1FB9C0B0-5CC0-4421-A0C6-E2640A0C03BA}"
EndProject
Project("{FAE04EC0-301F-11D3-BF4B-00C04F79EFBC}") = "Nyx.Scheduler", "Nyx.Scheduler\Nyx.Scheduler.csproj", "{49D90F48-7C4F-46EB-AA7C-22A05DC4D7F3}"
EndProject
Project("{FAE04EC0-301F-11D3-BF4B-00C04F79EFBC}") = "Nyx.Cloud", "Nyx.Cloud\Nyx.Cloud.csproj", "{C6DF2DCC-1C56-4D45-8424-CD0814A21A2B}"
EndProject
Project("{FAE04EC0-301F-11D3-BF4B-00C04F79EFBC}") = "Nyx.Data", "Nyx.Data\Nyx.Data.csproj", "{FF842F08-A605-4057-9BC1-8E13870B8D22}"
EndProject
Project("{FAE04EC0-301F-11D3-BF4B-00C04F79EFBC}") = "Nyx.Installer", "Nyx.Installer\Nyx.Installer.csproj", "{F4744C20-83CE-4D67-878D-73B4E9920237}"
EndProject
Global
	GlobalSection(SolutionConfigurationPlatforms) = preSolution
		Debug|Any CPU = Debug|Any CPU
		Debug|x86 = Debug|x86
		DebugLocal|Any CPU = DebugLocal|Any CPU
		DebugLocal|x86 = DebugLocal|x86
		Release|Any CPU = Release|Any CPU
		Release|x86 = Release|x86
	EndGlobalSection
	GlobalSection(ProjectConfigurationPlatforms) = postSolution
		{DCEE90AD-31DD-4453-9027-F5586D20B517}.Debug|Any CPU.ActiveCfg = Debug|Any CPU
		{DCEE90AD-31DD-4453-9027-F5586D20B517}.Debug|Any CPU.Build.0 = Debug|Any CPU
		{DCEE90AD-31DD-4453-9027-F5586D20B517}.Debug|x86.ActiveCfg = Debug|Any CPU
		{DCEE90AD-31DD-4453-9027-F5586D20B517}.Debug|x86.Build.0 = Debug|Any CPU
		{DCEE90AD-31DD-4453-9027-F5586D20B517}.DebugLocal|Any CPU.ActiveCfg = Debug|Any CPU
		{DCEE90AD-31DD-4453-9027-F5586D20B517}.DebugLocal|Any CPU.Build.0 = Debug|Any CPU
		{DCEE90AD-31DD-4453-9027-F5586D20B517}.DebugLocal|x86.ActiveCfg = Debug|Any CPU
		{DCEE90AD-31DD-4453-9027-F5586D20B517}.DebugLocal|x86.Build.0 = Debug|Any CPU
		{DCEE90AD-31DD-4453-9027-F5586D20B517}.Release|Any CPU.ActiveCfg = Release|Any CPU
		{DCEE90AD-31DD-4453-9027-F5586D20B517}.Release|Any CPU.Build.0 = Release|Any CPU
		{DCEE90AD-31DD-4453-9027-F5586D20B517}.Release|x86.ActiveCfg = Release|Any CPU
		{DCEE90AD-31DD-4453-9027-F5586D20B517}.Release|x86.Build.0 = Release|Any CPU
		{A61BB529-9E77-458A-BEE8-447E1ADE1E98}.Debug|Any CPU.ActiveCfg = Debug|Any CPU
		{A61BB529-9E77-458A-BEE8-447E1ADE1E98}.Debug|Any CPU.Build.0 = Debug|Any CPU
		{A61BB529-9E77-458A-BEE8-447E1ADE1E98}.Debug|x86.ActiveCfg = Debug|Any CPU
		{A61BB529-9E77-458A-BEE8-447E1ADE1E98}.Debug|x86.Build.0 = Debug|Any CPU
		{A61BB529-9E77-458A-BEE8-447E1ADE1E98}.DebugLocal|Any CPU.ActiveCfg = Debug|Any CPU
		{A61BB529-9E77-458A-BEE8-447E1ADE1E98}.DebugLocal|Any CPU.Build.0 = Debug|Any CPU
		{A61BB529-9E77-458A-BEE8-447E1ADE1E98}.DebugLocal|x86.ActiveCfg = Debug|Any CPU
		{A61BB529-9E77-458A-BEE8-447E1ADE1E98}.DebugLocal|x86.Build.0 = Debug|Any CPU
		{A61BB529-9E77-458A-BEE8-447E1ADE1E98}.Release|Any CPU.ActiveCfg = Release|Any CPU
		{A61BB529-9E77-458A-BEE8-447E1ADE1E98}.Release|Any CPU.Build.0 = Release|Any CPU
		{A61BB529-9E77-458A-BEE8-447E1ADE1E98}.Release|x86.ActiveCfg = Release|Any CPU
		{A61BB529-9E77-458A-BEE8-447E1ADE1E98}.Release|x86.Build.0 = Release|Any CPU
		{5EA73B42-7585-47B5-A6F3-D83DCFC960B3}.Debug|Any CPU.ActiveCfg = Debug|Any CPU
		{5EA73B42-7585-47B5-A6F3-D83DCFC960B3}.Debug|Any CPU.Build.0 = Debug|Any CPU
		{5EA73B42-7585-47B5-A6F3-D83DCFC960B3}.Debug|x86.ActiveCfg = Debug|Any CPU
		{5EA73B42-7585-47B5-A6F3-D83DCFC960B3}.Debug|x86.Build.0 = Debug|Any CPU
		{5EA73B42-7585-47B5-A6F3-D83DCFC960B3}.DebugLocal|Any CPU.ActiveCfg = Debug|Any CPU
		{5EA73B42-7585-47B5-A6F3-D83DCFC960B3}.DebugLocal|Any CPU.Build.0 = Debug|Any CPU
		{5EA73B42-7585-47B5-A6F3-D83DCFC960B3}.DebugLocal|x86.ActiveCfg = Debug|Any CPU
		{5EA73B42-7585-47B5-A6F3-D83DCFC960B3}.DebugLocal|x86.Build.0 = Debug|Any CPU
		{5EA73B42-7585-47B5-A6F3-D83DCFC960B3}.Release|Any CPU.ActiveCfg = Release|Any CPU
		{5EA73B42-7585-47B5-A6F3-D83DCFC960B3}.Release|Any CPU.Build.0 = Release|Any CPU
		{5EA73B42-7585-47B5-A6F3-D83DCFC960B3}.Release|x86.ActiveCfg = Release|Any CPU
		{5EA73B42-7585-47B5-A6F3-D83DCFC960B3}.Release|x86.Build.0 = Release|Any CPU
		{0709EA89-AECE-4C87-BB69-8A1736406AB5}.Debug|Any CPU.ActiveCfg = Debug|Any CPU
		{0709EA89-AECE-4C87-BB69-8A1736406AB5}.Debug|Any CPU.Build.0 = Debug|Any CPU
		{0709EA89-AECE-4C87-BB69-8A1736406AB5}.Debug|x86.ActiveCfg = Debug|Any CPU
		{0709EA89-AECE-4C87-BB69-8A1736406AB5}.Debug|x86.Build.0 = Debug|Any CPU
		{0709EA89-AECE-4C87-BB69-8A1736406AB5}.DebugLocal|Any CPU.ActiveCfg = Debug|Any CPU
		{0709EA89-AECE-4C87-BB69-8A1736406AB5}.DebugLocal|Any CPU.Build.0 = Debug|Any CPU
		{0709EA89-AECE-4C87-BB69-8A1736406AB5}.DebugLocal|x86.ActiveCfg = Debug|Any CPU
		{0709EA89-AECE-4C87-BB69-8A1736406AB5}.DebugLocal|x86.Build.0 = Debug|Any CPU
		{0709EA89-AECE-4C87-BB69-8A1736406AB5}.Release|Any CPU.ActiveCfg = Release|Any CPU
		{0709EA89-AECE-4C87-BB69-8A1736406AB5}.Release|Any CPU.Build.0 = Release|Any CPU
		{0709EA89-AECE-4C87-BB69-8A1736406AB5}.Release|x86.ActiveCfg = Release|Any CPU
		{0709EA89-AECE-4C87-BB69-8A1736406AB5}.Release|x86.Build.0 = Release|Any CPU
		{36C21D5D-73A7-48AC-865F-ED142E4CC4D6}.Debug|Any CPU.ActiveCfg = Debug|Any CPU
		{36C21D5D-73A7-48AC-865F-ED142E4CC4D6}.Debug|Any CPU.Build.0 = Debug|Any CPU
		{36C21D5D-73A7-48AC-865F-ED142E4CC4D6}.Debug|x86.ActiveCfg = Debug|Any CPU
		{36C21D5D-73A7-48AC-865F-ED142E4CC4D6}.Debug|x86.Build.0 = Debug|Any CPU
		{36C21D5D-73A7-48AC-865F-ED142E4CC4D6}.DebugLocal|Any CPU.ActiveCfg = Debug|Any CPU
		{36C21D5D-73A7-48AC-865F-ED142E4CC4D6}.DebugLocal|Any CPU.Build.0 = Debug|Any CPU
		{36C21D5D-73A7-48AC-865F-ED142E4CC4D6}.DebugLocal|x86.ActiveCfg = Debug|Any CPU
		{36C21D5D-73A7-48AC-865F-ED142E4CC4D6}.DebugLocal|x86.Build.0 = Debug|Any CPU
		{36C21D5D-73A7-48AC-865F-ED142E4CC4D6}.Release|Any CPU.ActiveCfg = Release|Any CPU
		{36C21D5D-73A7-48AC-865F-ED142E4CC4D6}.Release|Any CPU.Build.0 = Release|Any CPU
		{36C21D5D-73A7-48AC-865F-ED142E4CC4D6}.Release|x86.ActiveCfg = Release|Any CPU
		{36C21D5D-73A7-48AC-865F-ED142E4CC4D6}.Release|x86.Build.0 = Release|Any CPU
		{94B5FE60-8E45-4129-907F-800C2F28F839}.Debug|Any CPU.ActiveCfg = Debug|Any CPU
		{94B5FE60-8E45-4129-907F-800C2F28F839}.Debug|x86.ActiveCfg = Debug|Any CPU
		{94B5FE60-8E45-4129-907F-800C2F28F839}.Debug|x86.Build.0 = Debug|Any CPU
		{94B5FE60-8E45-4129-907F-800C2F28F839}.DebugLocal|Any CPU.ActiveCfg = Debug|Any CPU
		{94B5FE60-8E45-4129-907F-800C2F28F839}.DebugLocal|Any CPU.Build.0 = Debug|Any CPU
		{94B5FE60-8E45-4129-907F-800C2F28F839}.DebugLocal|x86.ActiveCfg = Debug|Any CPU
		{94B5FE60-8E45-4129-907F-800C2F28F839}.DebugLocal|x86.Build.0 = Debug|Any CPU
		{94B5FE60-8E45-4129-907F-800C2F28F839}.Release|Any CPU.ActiveCfg = Release|Any CPU
		{94B5FE60-8E45-4129-907F-800C2F28F839}.Release|x86.ActiveCfg = Release|Any CPU
		{94B5FE60-8E45-4129-907F-800C2F28F839}.Release|x86.Build.0 = Release|Any CPU
		{7A06547C-80FB-4704-A85F-AA543F034375}.Debug|Any CPU.ActiveCfg = Debug|x86
		{7A06547C-80FB-4704-A85F-AA543F034375}.Debug|Any CPU.Build.0 = Debug|x86
		{7A06547C-80FB-4704-A85F-AA543F034375}.Debug|x86.ActiveCfg = Debug|x86
		{7A06547C-80FB-4704-A85F-AA543F034375}.Debug|x86.Build.0 = Debug|x86
		{7A06547C-80FB-4704-A85F-AA543F034375}.DebugLocal|Any CPU.ActiveCfg = Release|x86
		{7A06547C-80FB-4704-A85F-AA543F034375}.DebugLocal|Any CPU.Build.0 = Release|x86
		{7A06547C-80FB-4704-A85F-AA543F034375}.DebugLocal|x86.ActiveCfg = Debug|x86
		{7A06547C-80FB-4704-A85F-AA543F034375}.DebugLocal|x86.Build.0 = Debug|x86
		{7A06547C-80FB-4704-A85F-AA543F034375}.Release|Any CPU.ActiveCfg = Release|x86
		{7A06547C-80FB-4704-A85F-AA543F034375}.Release|x86.ActiveCfg = Release|x86
		{7A06547C-80FB-4704-A85F-AA543F034375}.Release|x86.Build.0 = Release|x86
		{B6054DDF-97B1-449E-9266-FC63C1204E26}.Debug|Any CPU.ActiveCfg = Debug|Any CPU
		{B6054DDF-97B1-449E-9266-FC63C1204E26}.Debug|x86.ActiveCfg = Debug|Any CPU
		{B6054DDF-97B1-449E-9266-FC63C1204E26}.Debug|x86.Build.0 = Debug|Any CPU
		{B6054DDF-97B1-449E-9266-FC63C1204E26}.DebugLocal|Any CPU.ActiveCfg = Debug|Any CPU
		{B6054DDF-97B1-449E-9266-FC63C1204E26}.DebugLocal|Any CPU.Build.0 = Debug|Any CPU
		{B6054DDF-97B1-449E-9266-FC63C1204E26}.DebugLocal|x86.ActiveCfg = Debug|Any CPU
		{B6054DDF-97B1-449E-9266-FC63C1204E26}.DebugLocal|x86.Build.0 = Debug|Any CPU
		{B6054DDF-97B1-449E-9266-FC63C1204E26}.Release|Any CPU.ActiveCfg = Release|Any CPU
		{B6054DDF-97B1-449E-9266-FC63C1204E26}.Release|x86.ActiveCfg = Release|Any CPU
		{B6054DDF-97B1-449E-9266-FC63C1204E26}.Release|x86.Build.0 = Release|Any CPU
		{6B8916BB-94DF-45D9-8CC4-922FEB68A3A4}.Debug|Any CPU.ActiveCfg = Debug|Any CPU
		{6B8916BB-94DF-45D9-8CC4-922FEB68A3A4}.Debug|Any CPU.Build.0 = Debug|Any CPU
		{6B8916BB-94DF-45D9-8CC4-922FEB68A3A4}.Debug|x86.ActiveCfg = Debug|Any CPU
		{6B8916BB-94DF-45D9-8CC4-922FEB68A3A4}.Debug|x86.Build.0 = Debug|Any CPU
		{6B8916BB-94DF-45D9-8CC4-922FEB68A3A4}.Debug|x86.Deploy.0 = Debug|Any CPU
		{6B8916BB-94DF-45D9-8CC4-922FEB68A3A4}.DebugLocal|Any CPU.ActiveCfg = Debug|Any CPU
		{6B8916BB-94DF-45D9-8CC4-922FEB68A3A4}.DebugLocal|Any CPU.Build.0 = Debug|Any CPU
		{6B8916BB-94DF-45D9-8CC4-922FEB68A3A4}.DebugLocal|Any CPU.Deploy.0 = Debug|Any CPU
		{6B8916BB-94DF-45D9-8CC4-922FEB68A3A4}.DebugLocal|x86.ActiveCfg = Debug|Any CPU
		{6B8916BB-94DF-45D9-8CC4-922FEB68A3A4}.DebugLocal|x86.Build.0 = Debug|Any CPU
		{6B8916BB-94DF-45D9-8CC4-922FEB68A3A4}.DebugLocal|x86.Deploy.0 = Debug|Any CPU
		{6B8916BB-94DF-45D9-8CC4-922FEB68A3A4}.Release|Any CPU.ActiveCfg = Release|Any CPU
		{6B8916BB-94DF-45D9-8CC4-922FEB68A3A4}.Release|Any CPU.Build.0 = Release|Any CPU
		{6B8916BB-94DF-45D9-8CC4-922FEB68A3A4}.Release|Any CPU.Deploy.0 = Release|Any CPU
		{6B8916BB-94DF-45D9-8CC4-922FEB68A3A4}.Release|x86.ActiveCfg = Release|Any CPU
		{6B8916BB-94DF-45D9-8CC4-922FEB68A3A4}.Release|x86.Build.0 = Release|Any CPU
		{6B8916BB-94DF-45D9-8CC4-922FEB68A3A4}.Release|x86.Deploy.0 = Release|Any CPU
		{1FB9C0B0-5CC0-4421-A0C6-E2640A0C03BA}.Debug|Any CPU.ActiveCfg = Debug|Any CPU
		{1FB9C0B0-5CC0-4421-A0C6-E2640A0C03BA}.Debug|Any CPU.Build.0 = Debug|Any CPU
		{1FB9C0B0-5CC0-4421-A0C6-E2640A0C03BA}.Debug|x86.ActiveCfg = Debug|Any CPU
		{1FB9C0B0-5CC0-4421-A0C6-E2640A0C03BA}.Debug|x86.Build.0 = Debug|Any CPU
		{1FB9C0B0-5CC0-4421-A0C6-E2640A0C03BA}.DebugLocal|Any CPU.ActiveCfg = Debug|Any CPU
		{1FB9C0B0-5CC0-4421-A0C6-E2640A0C03BA}.DebugLocal|Any CPU.Build.0 = Debug|Any CPU
		{1FB9C0B0-5CC0-4421-A0C6-E2640A0C03BA}.DebugLocal|x86.ActiveCfg = Debug|Any CPU
		{1FB9C0B0-5CC0-4421-A0C6-E2640A0C03BA}.DebugLocal|x86.Build.0 = Debug|Any CPU
		{1FB9C0B0-5CC0-4421-A0C6-E2640A0C03BA}.Release|Any CPU.ActiveCfg = Release|Any CPU
		{1FB9C0B0-5CC0-4421-A0C6-E2640A0C03BA}.Release|Any CPU.Build.0 = Release|Any CPU
		{1FB9C0B0-5CC0-4421-A0C6-E2640A0C03BA}.Release|x86.ActiveCfg = Release|Any CPU
		{1FB9C0B0-5CC0-4421-A0C6-E2640A0C03BA}.Release|x86.Build.0 = Release|Any CPU
		{49D90F48-7C4F-46EB-AA7C-22A05DC4D7F3}.Debug|Any CPU.ActiveCfg = Debug|Any CPU
		{49D90F48-7C4F-46EB-AA7C-22A05DC4D7F3}.Debug|Any CPU.Build.0 = Debug|Any CPU
		{49D90F48-7C4F-46EB-AA7C-22A05DC4D7F3}.Debug|x86.ActiveCfg = Debug|Any CPU
		{49D90F48-7C4F-46EB-AA7C-22A05DC4D7F3}.Debug|x86.Build.0 = Debug|Any CPU
		{49D90F48-7C4F-46EB-AA7C-22A05DC4D7F3}.DebugLocal|Any CPU.ActiveCfg = Debug|Any CPU
		{49D90F48-7C4F-46EB-AA7C-22A05DC4D7F3}.DebugLocal|Any CPU.Build.0 = Debug|Any CPU
		{49D90F48-7C4F-46EB-AA7C-22A05DC4D7F3}.DebugLocal|x86.ActiveCfg = Debug|Any CPU
		{49D90F48-7C4F-46EB-AA7C-22A05DC4D7F3}.DebugLocal|x86.Build.0 = Debug|Any CPU
		{49D90F48-7C4F-46EB-AA7C-22A05DC4D7F3}.Release|Any CPU.ActiveCfg = Release|Any CPU
		{49D90F48-7C4F-46EB-AA7C-22A05DC4D7F3}.Release|Any CPU.Build.0 = Release|Any CPU
		{49D90F48-7C4F-46EB-AA7C-22A05DC4D7F3}.Release|x86.ActiveCfg = Release|Any CPU
		{49D90F48-7C4F-46EB-AA7C-22A05DC4D7F3}.Release|x86.Build.0 = Release|Any CPU
		{C6DF2DCC-1C56-4D45-8424-CD0814A21A2B}.Debug|Any CPU.ActiveCfg = Debug|Any CPU
		{C6DF2DCC-1C56-4D45-8424-CD0814A21A2B}.Debug|Any CPU.Build.0 = Debug|Any CPU
		{C6DF2DCC-1C56-4D45-8424-CD0814A21A2B}.Debug|x86.ActiveCfg = Debug|Any CPU
		{C6DF2DCC-1C56-4D45-8424-CD0814A21A2B}.Debug|x86.Build.0 = Debug|Any CPU
		{C6DF2DCC-1C56-4D45-8424-CD0814A21A2B}.DebugLocal|Any CPU.ActiveCfg = Debug|Any CPU
		{C6DF2DCC-1C56-4D45-8424-CD0814A21A2B}.DebugLocal|Any CPU.Build.0 = Debug|Any CPU
		{C6DF2DCC-1C56-4D45-8424-CD0814A21A2B}.DebugLocal|x86.ActiveCfg = Debug|Any CPU
		{C6DF2DCC-1C56-4D45-8424-CD0814A21A2B}.DebugLocal|x86.Build.0 = Debug|Any CPU
		{C6DF2DCC-1C56-4D45-8424-CD0814A21A2B}.Release|Any CPU.ActiveCfg = Release|Any CPU
		{C6DF2DCC-1C56-4D45-8424-CD0814A21A2B}.Release|Any CPU.Build.0 = Release|Any CPU
		{C6DF2DCC-1C56-4D45-8424-CD0814A21A2B}.Release|x86.ActiveCfg = Release|Any CPU
		{C6DF2DCC-1C56-4D45-8424-CD0814A21A2B}.Release|x86.Build.0 = Release|Any CPU
		{FF842F08-A605-4057-9BC1-8E13870B8D22}.Debug|Any CPU.ActiveCfg = Debug|Any CPU
		{FF842F08-A605-4057-9BC1-8E13870B8D22}.Debug|Any CPU.Build.0 = Debug|Any CPU
		{FF842F08-A605-4057-9BC1-8E13870B8D22}.Debug|x86.ActiveCfg = Debug|Any CPU
		{FF842F08-A605-4057-9BC1-8E13870B8D22}.Debug|x86.Build.0 = Debug|Any CPU
		{FF842F08-A605-4057-9BC1-8E13870B8D22}.DebugLocal|Any CPU.ActiveCfg = Debug|Any CPU
		{FF842F08-A605-4057-9BC1-8E13870B8D22}.DebugLocal|Any CPU.Build.0 = Debug|Any CPU
		{FF842F08-A605-4057-9BC1-8E13870B8D22}.DebugLocal|x86.ActiveCfg = Debug|Any CPU
		{FF842F08-A605-4057-9BC1-8E13870B8D22}.DebugLocal|x86.Build.0 = Debug|Any CPU
		{FF842F08-A605-4057-9BC1-8E13870B8D22}.Release|Any CPU.ActiveCfg = Release|Any CPU
		{FF842F08-A605-4057-9BC1-8E13870B8D22}.Release|Any CPU.Build.0 = Release|Any CPU
		{FF842F08-A605-4057-9BC1-8E13870B8D22}.Release|x86.ActiveCfg = Release|Any CPU
		{FF842F08-A605-4057-9BC1-8E13870B8D22}.Release|x86.Build.0 = Release|Any CPU
		{F4744C20-83CE-4D67-878D-73B4E9920237}.Debug|Any CPU.ActiveCfg = Debug|Any CPU
		{F4744C20-83CE-4D67-878D-73B4E9920237}.Debug|Any CPU.Build.0 = Debug|Any CPU
		{F4744C20-83CE-4D67-878D-73B4E9920237}.Debug|x86.ActiveCfg = Debug|Any CPU
		{F4744C20-83CE-4D67-878D-73B4E9920237}.Debug|x86.Build.0 = Debug|Any CPU
		{F4744C20-83CE-4D67-878D-73B4E9920237}.DebugLocal|Any CPU.ActiveCfg = Debug|Any CPU
		{F4744C20-83CE-4D67-878D-73B4E9920237}.DebugLocal|Any CPU.Build.0 = Debug|Any CPU
		{F4744C20-83CE-4D67-878D-73B4E9920237}.DebugLocal|x86.ActiveCfg = Debug|Any CPU
		{F4744C20-83CE-4D67-878D-73B4E9920237}.DebugLocal|x86.Build.0 = Debug|Any CPU
		{F4744C20-83CE-4D67-878D-73B4E9920237}.Release|Any CPU.ActiveCfg = Release|Any CPU
		{F4744C20-83CE-4D67-878D-73B4E9920237}.Release|Any CPU.Build.0 = Release|Any CPU
		{F4744C20-83CE-4D67-878D-73B4E9920237}.Release|x86.ActiveCfg = Release|Any CPU
		{F4744C20-83CE-4D67-878D-73B4E9920237}.Release|x86.Build.0 = Release|Any CPU
	EndGlobalSection
	GlobalSection(SolutionProperties) = preSolution
		HideSolutionNode = FALSE
	EndGlobalSection
EndGlobal
