
Microsoft Visual Studio Solution File, Format Version 12.00
# Visual Studio 14
VisualStudioVersion = 14.0.25123.0
MinimumVisualStudioVersion = 10.0.40219.1
Project("{FAE04EC0-301F-11D3-BF4B-00C04F79EFBC}") = "Cadmus.DbUp", "Cadmus.DbUp\Cadmus.DbUp.csproj", "{E8821C70-C23D-44ED-A2DD-5D7F2B0B9FD8}"
EndProject
Project("{FAE04EC0-301F-11D3-BF4B-00C04F79EFBC}") = "Cadmus.Foundation", "Cadmus.Foundation\Cadmus.Foundation.csproj", "{22982B6D-9543-470F-8EBF-7FB56C5235AC}"
EndProject
Project("{FAE04EC0-301F-11D3-BF4B-00C04F79EFBC}") = "Cadmus.Parametrizer", "Cadmus.Parametrizer\Cadmus.Parametrizer.csproj", "{EEE47BAC-E437-4C1A-8CF2-348039666329}"
EndProject
Project("{FAE04EC0-301F-11D3-BF4B-00C04F79EFBC}") = "Cadmus.ParameterEditor", "Cadmus.ParameterEditor\Cadmus.ParameterEditor.csproj", "{1A404750-559F-41F6-A8B3-08399BBE7F8F}"
EndProject
Project("{FAE04EC0-301F-11D3-BF4B-00C04F79EFBC}") = "Cadmus.VisualFoundation", "Cadmus.VisualFoundation\Cadmus.VisualFoundation.csproj", "{27BF10B3-BFDB-45FF-BDD2-ED8BC0BEC112}"
EndProject
Project("{FAE04EC0-301F-11D3-BF4B-00C04F79EFBC}") = "Cadmus.Parametrizer.Tests", "Cadmus.Parametrizer.Tests\Cadmus.Parametrizer.Tests.csproj", "{615016A1-F905-4A55-AA47-BAD4C42A6104}"
EndProject
Project("{FAE04EC0-301F-11D3-BF4B-00C04F79EFBC}") = "Cadmus.Foundation.Tests", "Cadmus.Foundation.Tests\Cadmus.Foundation.Tests.csproj", "{1A2A4D35-E1B6-48B6-9E6A-244CF7307225}"
EndProject
Project("{FAE04EC0-301F-11D3-BF4B-00C04F79EFBC}") = "Cadmus.Protector", "Cadmus.Protector\Cadmus.Protector.csproj", "{200987AE-7FDE-46E4-B985-20C51C3EDCBE}"
EndProject
Global
	GlobalSection(SolutionConfigurationPlatforms) = preSolution
		Debug|Any CPU = Debug|Any CPU
		Release|Any CPU = Release|Any CPU
	EndGlobalSection
	GlobalSection(ProjectConfigurationPlatforms) = postSolution
		{E8821C70-C23D-44ED-A2DD-5D7F2B0B9FD8}.Debug|Any CPU.ActiveCfg = Debug|Any CPU
		{E8821C70-C23D-44ED-A2DD-5D7F2B0B9FD8}.Debug|Any CPU.Build.0 = Debug|Any CPU
		{E8821C70-C23D-44ED-A2DD-5D7F2B0B9FD8}.Release|Any CPU.ActiveCfg = Release|Any CPU
		{E8821C70-C23D-44ED-A2DD-5D7F2B0B9FD8}.Release|Any CPU.Build.0 = Release|Any CPU
		{22982B6D-9543-470F-8EBF-7FB56C5235AC}.Debug|Any CPU.ActiveCfg = Debug|Any CPU
		{22982B6D-9543-470F-8EBF-7FB56C5235AC}.Debug|Any CPU.Build.0 = Debug|Any CPU
		{22982B6D-9543-470F-8EBF-7FB56C5235AC}.Release|Any CPU.ActiveCfg = Release|Any CPU
		{22982B6D-9543-470F-8EBF-7FB56C5235AC}.Release|Any CPU.Build.0 = Release|Any CPU
		{EEE47BAC-E437-4C1A-8CF2-348039666329}.Debug|Any CPU.ActiveCfg = Debug|Any CPU
		{EEE47BAC-E437-4C1A-8CF2-348039666329}.Debug|Any CPU.Build.0 = Debug|Any CPU
		{EEE47BAC-E437-4C1A-8CF2-348039666329}.Release|Any CPU.ActiveCfg = Release|Any CPU
		{EEE47BAC-E437-4C1A-8CF2-348039666329}.Release|Any CPU.Build.0 = Release|Any CPU
		{1A404750-559F-41F6-A8B3-08399BBE7F8F}.Debug|Any CPU.ActiveCfg = Debug|Any CPU
		{1A404750-559F-41F6-A8B3-08399BBE7F8F}.Debug|Any CPU.Build.0 = Debug|Any CPU
		{1A404750-559F-41F6-A8B3-08399BBE7F8F}.Release|Any CPU.ActiveCfg = Release|Any CPU
		{1A404750-559F-41F6-A8B3-08399BBE7F8F}.Release|Any CPU.Build.0 = Release|Any CPU
		{27BF10B3-BFDB-45FF-BDD2-ED8BC0BEC112}.Debug|Any CPU.ActiveCfg = Debug|Any CPU
		{27BF10B3-BFDB-45FF-BDD2-ED8BC0BEC112}.Debug|Any CPU.Build.0 = Debug|Any CPU
		{27BF10B3-BFDB-45FF-BDD2-ED8BC0BEC112}.Release|Any CPU.ActiveCfg = Release|Any CPU
		{27BF10B3-BFDB-45FF-BDD2-ED8BC0BEC112}.Release|Any CPU.Build.0 = Release|Any CPU
		{615016A1-F905-4A55-AA47-BAD4C42A6104}.Debug|Any CPU.ActiveCfg = Debug|Any CPU
		{615016A1-F905-4A55-AA47-BAD4C42A6104}.Debug|Any CPU.Build.0 = Debug|Any CPU
		{615016A1-F905-4A55-AA47-BAD4C42A6104}.Release|Any CPU.ActiveCfg = Release|Any CPU
		{615016A1-F905-4A55-AA47-BAD4C42A6104}.Release|Any CPU.Build.0 = Release|Any CPU
		{1A2A4D35-E1B6-48B6-9E6A-244CF7307225}.Debug|Any CPU.ActiveCfg = Debug|Any CPU
		{1A2A4D35-E1B6-48B6-9E6A-244CF7307225}.Debug|Any CPU.Build.0 = Debug|Any CPU
		{1A2A4D35-E1B6-48B6-9E6A-244CF7307225}.Release|Any CPU.ActiveCfg = Release|Any CPU
		{1A2A4D35-E1B6-48B6-9E6A-244CF7307225}.Release|Any CPU.Build.0 = Release|Any CPU
		{200987AE-7FDE-46E4-B985-20C51C3EDCBE}.Debug|Any CPU.ActiveCfg = Debug|Any CPU
		{200987AE-7FDE-46E4-B985-20C51C3EDCBE}.Debug|Any CPU.Build.0 = Debug|Any CPU
		{200987AE-7FDE-46E4-B985-20C51C3EDCBE}.Release|Any CPU.ActiveCfg = Release|Any CPU
		{200987AE-7FDE-46E4-B985-20C51C3EDCBE}.Release|Any CPU.Build.0 = Release|Any CPU
	EndGlobalSection
	GlobalSection(SolutionProperties) = preSolution
		HideSolutionNode = FALSE
	EndGlobalSection
EndGlobal
